
Microsoft Visual Studio Solution File, Format Version 12.00
# Visual Studio Version 17
VisualStudioVersion = 17.3.32825.248
MinimumVisualStudioVersion = 10.0.40219.1
Project("{F184B08F-C81C-45F6-A57F-5ABD9991F28F}") = "IceCreamFlavors", "IceCreamFlavors\IceCreamFlavors.vbproj", "{69834C95-284A-4FF7-B9FE-F5DB9C92400C}"
EndProject
Global
	GlobalSection(SolutionConfigurationPlatforms) = preSolution
		Debug|Any CPU = Debug|Any CPU
		Release|Any CPU = Release|Any CPU
	EndGlobalSection
	GlobalSection(ProjectConfigurationPlatforms) = postSolution
		{69834C95-284A-4FF7-B9FE-F5DB9C92400C}.Debug|Any CPU.ActiveCfg = Debug|Any CPU
		{69834C95-284A-4FF7-B9FE-F5DB9C92400C}.Debug|Any CPU.Build.0 = Debug|Any CPU
		{69834C95-284A-4FF7-B9FE-F5DB9C92400C}.Release|Any CPU.ActiveCfg = Release|Any CPU
		{69834C95-284A-4FF7-B9FE-F5DB9C92400C}.Release|Any CPU.Build.0 = Release|Any CPU
	EndGlobalSection
	GlobalSection(SolutionProperties) = preSolution
		HideSolutionNode = FALSE
	EndGlobalSection
	GlobalSection(ExtensibilityGlobals) = postSolution
		SolutionGuid = {51A76810-026B-46A5-8FA9-46443A2C19E1}
	EndGlobalSection
EndGlobal
